// !$*UTF8*$!
{
	archiveVersion = 1;
	classes = {
	};
	objectVersion = 56;
	objects = {

/* Begin PBXBuildFile section */
		4B8ADA512ACDFB4A0049B799 /* HabitsUIApp.swift in Sources */ = {isa = PBXBuildFile; fileRef = 4B8ADA502ACDFB4A0049B799 /* HabitsUIApp.swift */; };
		4B8ADA532ACDFB4A0049B799 /* ContentView.swift in Sources */ = {isa = PBXBuildFile; fileRef = 4B8ADA522ACDFB4A0049B799 /* ContentView.swift */; };
		4B8ADA552ACDFB4C0049B799 /* Assets.xcassets in Resources */ = {isa = PBXBuildFile; fileRef = 4B8ADA542ACDFB4C0049B799 /* Assets.xcassets */; };
		4B8ADA582ACDFB4C0049B799 /* Preview Assets.xcassets in Resources */ = {isa = PBXBuildFile; fileRef = 4B8ADA572ACDFB4C0049B799 /* Preview Assets.xcassets */; };
		4B8ADA642ACE048E0049B799 /* Color.swift in Sources */ = {isa = PBXBuildFile; fileRef = 4B8ADA632ACE048E0049B799 /* Color.swift */; };
		4B8D6CFC2ACF21A8000CD782 /* User.swift in Sources */ = {isa = PBXBuildFile; fileRef = 4B8D6CFB2ACF21A8000CD782 /* User.swift */; };
		4B8D6D002ACF2526000CD782 /* ContentViewModel.swift in Sources */ = {isa = PBXBuildFile; fileRef = 4B8D6CFF2ACF2526000CD782 /* ContentViewModel.swift */; };
		4B8D6D022ACF271E000CD782 /* Date.swift in Sources */ = {isa = PBXBuildFile; fileRef = 4B8D6D012ACF271E000CD782 /* Date.swift */; };
		4B8D6D052ACF2923000CD782 /* CircleButton.swift in Sources */ = {isa = PBXBuildFile; fileRef = 4B8D6D042ACF2923000CD782 /* CircleButton.swift */; };
		4B8D6D082ACF313F000CD782 /* HabitCard.swift in Sources */ = {isa = PBXBuildFile; fileRef = 4B8D6D072ACF313F000CD782 /* HabitCard.swift */; };
		4B8D6D0A2ACF354C000CD782 /* Habit.swift in Sources */ = {isa = PBXBuildFile; fileRef = 4B8D6D092ACF354C000CD782 /* Habit.swift */; };
/* End PBXBuildFile section */

/* Begin PBXFileReference section */
		4B8ADA4D2ACDFB4A0049B799 /* HabitsUI.app */ = {isa = PBXFileReference; explicitFileType = wrapper.application; includeInIndex = 0; path = HabitsUI.app; sourceTree = BUILT_PRODUCTS_DIR; };
		4B8ADA502ACDFB4A0049B799 /* HabitsUIApp.swift */ = {isa = PBXFileReference; lastKnownFileType = sourcecode.swift; path = HabitsUIApp.swift; sourceTree = "<group>"; };
		4B8ADA522ACDFB4A0049B799 /* ContentView.swift */ = {isa = PBXFileReference; lastKnownFileType = sourcecode.swift; path = ContentView.swift; sourceTree = "<group>"; };
		4B8ADA542ACDFB4C0049B799 /* Assets.xcassets */ = {isa = PBXFileReference; lastKnownFileType = folder.assetcatalog; path = Assets.xcassets; sourceTree = "<group>"; };
		4B8ADA572ACDFB4C0049B799 /* Preview Assets.xcassets */ = {isa = PBXFileReference; lastKnownFileType = folder.assetcatalog; path = "Preview Assets.xcassets"; sourceTree = "<group>"; };
		4B8ADA632ACE048E0049B799 /* Color.swift */ = {isa = PBXFileReference; lastKnownFileType = sourcecode.swift; path = Color.swift; sourceTree = "<group>"; };
		4B8D6CFB2ACF21A8000CD782 /* User.swift */ = {isa = PBXFileReference; lastKnownFileType = sourcecode.swift; path = User.swift; sourceTree = "<group>"; };
		4B8D6CFF2ACF2526000CD782 /* ContentViewModel.swift */ = {isa = PBXFileReference; lastKnownFileType = sourcecode.swift; path = ContentViewModel.swift; sourceTree = "<group>"; };
		4B8D6D012ACF271E000CD782 /* Date.swift */ = {isa = PBXFileReference; lastKnownFileType = sourcecode.swift; path = Date.swift; sourceTree = "<group>"; };
		4B8D6D042ACF2923000CD782 /* CircleButton.swift */ = {isa = PBXFileReference; lastKnownFileType = sourcecode.swift; path = CircleButton.swift; sourceTree = "<group>"; };
		4B8D6D072ACF313F000CD782 /* HabitCard.swift */ = {isa = PBXFileReference; lastKnownFileType = sourcecode.swift; path = HabitCard.swift; sourceTree = "<group>"; };
		4B8D6D092ACF354C000CD782 /* Habit.swift */ = {isa = PBXFileReference; lastKnownFileType = sourcecode.swift; path = Habit.swift; sourceTree = "<group>"; };
/* End PBXFileReference section */

/* Begin PBXFrameworksBuildPhase section */
		4B8ADA4A2ACDFB4A0049B799 /* Frameworks */ = {
			isa = PBXFrameworksBuildPhase;
			buildActionMask = 2147483647;
			files = (
			);
			runOnlyForDeploymentPostprocessing = 0;
		};
/* End PBXFrameworksBuildPhase section */

/* Begin PBXGroup section */
		4B8ADA442ACDFB4A0049B799 = {
			isa = PBXGroup;
			children = (
				4B8ADA4F2ACDFB4A0049B799 /* HabitsUI */,
				4B8ADA4E2ACDFB4A0049B799 /* Products */,
			);
			sourceTree = "<group>";
		};
		4B8ADA4E2ACDFB4A0049B799 /* Products */ = {
			isa = PBXGroup;
			children = (
				4B8ADA4D2ACDFB4A0049B799 /* HabitsUI.app */,
			);
			name = Products;
			sourceTree = "<group>";
		};
		4B8ADA4F2ACDFB4A0049B799 /* HabitsUI */ = {
			isa = PBXGroup;
			children = (
				4B8ADA612ACE03B00049B799 /* App */,
				4B8ADA542ACDFB4C0049B799 /* Assets.xcassets */,
				4B8ADA602ACE03AA0049B799 /* Core */,
				4B8ADA5F2ACE03A30049B799 /* Extension */,
				4B8ADA5E2ACE039B0049B799 /* Model */,
				4B8ADA562ACDFB4C0049B799 /* Preview Content */,
			);
			path = HabitsUI;
			sourceTree = "<group>";
		};
		4B8ADA562ACDFB4C0049B799 /* Preview Content */ = {
			isa = PBXGroup;
			children = (
				4B8ADA572ACDFB4C0049B799 /* Preview Assets.xcassets */,
			);
			path = "Preview Content";
			sourceTree = "<group>";
		};
		4B8ADA5E2ACE039B0049B799 /* Model */ = {
			isa = PBXGroup;
			children = (
				4B8D6CFB2ACF21A8000CD782 /* User.swift */,
				4B8D6D092ACF354C000CD782 /* Habit.swift */,
			);
			path = Model;
			sourceTree = "<group>";
		};
		4B8ADA5F2ACE03A30049B799 /* Extension */ = {
			isa = PBXGroup;
			children = (
				4B8ADA632ACE048E0049B799 /* Color.swift */,
				4B8D6D012ACF271E000CD782 /* Date.swift */,
			);
			path = Extension;
			sourceTree = "<group>";
		};
		4B8ADA602ACE03AA0049B799 /* Core */ = {
			isa = PBXGroup;
			children = (
				4B8D6D032ACF2908000CD782 /* Components */,
				4B8ADA622ACE03CB0049B799 /* Root */,
				4B8D6CFA2ACF213C000CD782 /* WaterDetail */,
			);
			path = Core;
			sourceTree = "<group>";
		};
		4B8ADA612ACE03B00049B799 /* App */ = {
			isa = PBXGroup;
			children = (
				4B8ADA502ACDFB4A0049B799 /* HabitsUIApp.swift */,
			);
			path = App;
			sourceTree = "<group>";
		};
		4B8ADA622ACE03CB0049B799 /* Root */ = {
			isa = PBXGroup;
			children = (
				4B8D6CFD2ACF224C000CD782 /* View */,
				4B8D6CFE2ACF24FA000CD782 /* ViewModel */,
			);
			path = Root;
			sourceTree = "<group>";
		};
		4B8D6CFA2ACF213C000CD782 /* WaterDetail */ = {
			isa = PBXGroup;
			children = (
			);
			path = WaterDetail;
			sourceTree = "<group>";
		};
		4B8D6CFD2ACF224C000CD782 /* View */ = {
			isa = PBXGroup;
			children = (
				4B8D6D062ACF3127000CD782 /* Components */,
				4B8ADA522ACDFB4A0049B799 /* ContentView.swift */,
			);
			path = View;
			sourceTree = "<group>";
		};
		4B8D6CFE2ACF24FA000CD782 /* ViewModel */ = {
			isa = PBXGroup;
			children = (
				4B8D6CFF2ACF2526000CD782 /* ContentViewModel.swift */,
			);
			path = ViewModel;
			sourceTree = "<group>";
		};
		4B8D6D032ACF2908000CD782 /* Components */ = {
			isa = PBXGroup;
			children = (
				4B8D6D042ACF2923000CD782 /* CircleButton.swift */,
			);
			path = Components;
			sourceTree = "<group>";
		};
		4B8D6D062ACF3127000CD782 /* Components */ = {
			isa = PBXGroup;
			children = (
				4B8D6D072ACF313F000CD782 /* HabitCard.swift */,
			);
			path = Components;
			sourceTree = "<group>";
		};
/* End PBXGroup section */

/* Begin PBXNativeTarget section */
		4B8ADA4C2ACDFB4A0049B799 /* HabitsUI */ = {
			isa = PBXNativeTarget;
			buildConfigurationList = 4B8ADA5B2ACDFB4C0049B799 /* Build configuration list for PBXNativeTarget "HabitsUI" */;
			buildPhases = (
				4B8ADA492ACDFB4A0049B799 /* Sources */,
				4B8ADA4A2ACDFB4A0049B799 /* Frameworks */,
				4B8ADA4B2ACDFB4A0049B799 /* Resources */,
			);
			buildRules = (
			);
			dependencies = (
			);
			name = HabitsUI;
			productName = HabitsUI;
			productReference = 4B8ADA4D2ACDFB4A0049B799 /* HabitsUI.app */;
			productType = "com.apple.product-type.application";
		};
/* End PBXNativeTarget section */

/* Begin PBXProject section */
		4B8ADA452ACDFB4A0049B799 /* Project object */ = {
			isa = PBXProject;
			attributes = {
				BuildIndependentTargetsInParallel = 1;
				LastSwiftUpdateCheck = 1500;
				LastUpgradeCheck = 1500;
				TargetAttributes = {
					4B8ADA4C2ACDFB4A0049B799 = {
						CreatedOnToolsVersion = 15.0;
					};
				};
			};
			buildConfigurationList = 4B8ADA482ACDFB4A0049B799 /* Build configuration list for PBXProject "HabitsUI" */;
			compatibilityVersion = "Xcode 14.0";
			developmentRegion = en;
			hasScannedForEncodings = 0;
			knownRegions = (
				en,
				Base,
			);
			mainGroup = 4B8ADA442ACDFB4A0049B799;
			productRefGroup = 4B8ADA4E2ACDFB4A0049B799 /* Products */;
			projectDirPath = "";
			projectRoot = "";
			targets = (
				4B8ADA4C2ACDFB4A0049B799 /* HabitsUI */,
			);
		};
/* End PBXProject section */

/* Begin PBXResourcesBuildPhase section */
		4B8ADA4B2ACDFB4A0049B799 /* Resources */ = {
			isa = PBXResourcesBuildPhase;
			buildActionMask = 2147483647;
			files = (
				4B8ADA582ACDFB4C0049B799 /* Preview Assets.xcassets in Resources */,
				4B8ADA552ACDFB4C0049B799 /* Assets.xcassets in Resources */,
			);
			runOnlyForDeploymentPostprocessing = 0;
		};
/* End PBXResourcesBuildPhase section */

/* Begin PBXSourcesBuildPhase section */
		4B8ADA492ACDFB4A0049B799 /* Sources */ = {
			isa = PBXSourcesBuildPhase;
			buildActionMask = 2147483647;
			files = (
				4B8D6D052ACF2923000CD782 /* CircleButton.swift in Sources */,
				4B8D6CFC2ACF21A8000CD782 /* User.swift in Sources */,
				4B8D6D022ACF271E000CD782 /* Date.swift in Sources */,
				4B8ADA532ACDFB4A0049B799 /* ContentView.swift in Sources */,
				4B8D6D082ACF313F000CD782 /* HabitCard.swift in Sources */,
				4B8ADA512ACDFB4A0049B799 /* HabitsUIApp.swift in Sources */,
				4B8D6D0A2ACF354C000CD782 /* Habit.swift in Sources */,
				4B8ADA642ACE048E0049B799 /* Color.swift in Sources */,
				4B8D6D002ACF2526000CD782 /* ContentViewModel.swift in Sources */,
			);
			runOnlyForDeploymentPostprocessing = 0;
		};
/* End PBXSourcesBuildPhase section */

/* Begin XCBuildConfiguration section */
		4B8ADA592ACDFB4C0049B799 /* Debug */ = {
			isa = XCBuildConfiguration;
			buildSettings = {
				ALWAYS_SEARCH_USER_PATHS = NO;
				ASSETCATALOG_COMPILER_GENERATE_SWIFT_ASSET_SYMBOL_EXTENSIONS = YES;
				CLANG_ANALYZER_NONNULL = YES;
				CLANG_ANALYZER_NUMBER_OBJECT_CONVERSION = YES_AGGRESSIVE;
				CLANG_CXX_LANGUAGE_STANDARD = "gnu++20";
				CLANG_ENABLE_MODULES = YES;
				CLANG_ENABLE_OBJC_ARC = YES;
				CLANG_ENABLE_OBJC_WEAK = YES;
				CLANG_WARN_BLOCK_CAPTURE_AUTORELEASING = YES;
				CLANG_WARN_BOOL_CONVERSION = YES;
				CLANG_WARN_COMMA = YES;
				CLANG_WARN_CONSTANT_CONVERSION = YES;
				CLANG_WARN_DEPRECATED_OBJC_IMPLEMENTATIONS = YES;
				CLANG_WARN_DIRECT_OBJC_ISA_USAGE = YES_ERROR;
				CLANG_WARN_DOCUMENTATION_COMMENTS = YES;
				CLANG_WARN_EMPTY_BODY = YES;
				CLANG_WARN_ENUM_CONVERSION = YES;
				CLANG_WARN_INFINITE_RECURSION = YES;
				CLANG_WARN_INT_CONVERSION = YES;
				CLANG_WARN_NON_LITERAL_NULL_CONVERSION = YES;
				CLANG_WARN_OBJC_IMPLICIT_RETAIN_SELF = YES;
				CLANG_WARN_OBJC_LITERAL_CONVERSION = YES;
				CLANG_WARN_OBJC_ROOT_CLASS = YES_ERROR;
				CLANG_WARN_QUOTED_INCLUDE_IN_FRAMEWORK_HEADER = YES;
				CLANG_WARN_RANGE_LOOP_ANALYSIS = YES;
				CLANG_WARN_STRICT_PROTOTYPES = YES;
				CLANG_WARN_SUSPICIOUS_MOVE = YES;
				CLANG_WARN_UNGUARDED_AVAILABILITY = YES_AGGRESSIVE;
				CLANG_WARN_UNREACHABLE_CODE = YES;
				CLANG_WARN__DUPLICATE_METHOD_MATCH = YES;
				COPY_PHASE_STRIP = NO;
				DEBUG_INFORMATION_FORMAT = dwarf;
				ENABLE_STRICT_OBJC_MSGSEND = YES;
				ENABLE_TESTABILITY = YES;
				ENABLE_USER_SCRIPT_SANDBOXING = YES;
				GCC_C_LANGUAGE_STANDARD = gnu17;
				GCC_DYNAMIC_NO_PIC = NO;
				GCC_NO_COMMON_BLOCKS = YES;
				GCC_OPTIMIZATION_LEVEL = 0;
				GCC_PREPROCESSOR_DEFINITIONS = (
					"DEBUG=1",
					"$(inherited)",
				);
				GCC_WARN_64_TO_32_BIT_CONVERSION = YES;
				GCC_WARN_ABOUT_RETURN_TYPE = YES_ERROR;
				GCC_WARN_UNDECLARED_SELECTOR = YES;
				GCC_WARN_UNINITIALIZED_AUTOS = YES_AGGRESSIVE;
				GCC_WARN_UNUSED_FUNCTION = YES;
				GCC_WARN_UNUSED_VARIABLE = YES;
				IPHONEOS_DEPLOYMENT_TARGET = 17.0;
				LOCALIZATION_PREFERS_STRING_CATALOGS = YES;
				MTL_ENABLE_DEBUG_INFO = INCLUDE_SOURCE;
				MTL_FAST_MATH = YES;
				ONLY_ACTIVE_ARCH = YES;
				SDKROOT = iphoneos;
				SWIFT_ACTIVE_COMPILATION_CONDITIONS = "DEBUG $(inherited)";
				SWIFT_OPTIMIZATION_LEVEL = "-Onone";
			};
			name = Debug;
		};
		4B8ADA5A2ACDFB4C0049B799 /* Release */ = {
			isa = XCBuildConfiguration;
			buildSettings = {
				ALWAYS_SEARCH_USER_PATHS = NO;
				ASSETCATALOG_COMPILER_GENERATE_SWIFT_ASSET_SYMBOL_EXTENSIONS = YES;
				CLANG_ANALYZER_NONNULL = YES;
				CLANG_ANALYZER_NUMBER_OBJECT_CONVERSION = YES_AGGRESSIVE;
				CLANG_CXX_LANGUAGE_STANDARD = "gnu++20";
				CLANG_ENABLE_MODULES = YES;
				CLANG_ENABLE_OBJC_ARC = YES;
				CLANG_ENABLE_OBJC_WEAK = YES;
				CLANG_WARN_BLOCK_CAPTURE_AUTORELEASING = YES;
				CLANG_WARN_BOOL_CONVERSION = YES;
				CLANG_WARN_COMMA = YES;
				CLANG_WARN_CONSTANT_CONVERSION = YES;
				CLANG_WARN_DEPRECATED_OBJC_IMPLEMENTATIONS = YES;
				CLANG_WARN_DIRECT_OBJC_ISA_USAGE = YES_ERROR;
				CLANG_WARN_DOCUMENTATION_COMMENTS = YES;
				CLANG_WARN_EMPTY_BODY = YES;
				CLANG_WARN_ENUM_CONVERSION = YES;
				CLANG_WARN_INFINITE_RECURSION = YES;
				CLANG_WARN_INT_CONVERSION = YES;
				CLANG_WARN_NON_LITERAL_NULL_CONVERSION = YES;
				CLANG_WARN_OBJC_IMPLICIT_RETAIN_SELF = YES;
				CLANG_WARN_OBJC_LITERAL_CONVERSION = YES;
				CLANG_WARN_OBJC_ROOT_CLASS = YES_ERROR;
				CLANG_WARN_QUOTED_INCLUDE_IN_FRAMEWORK_HEADER = YES;
				CLANG_WARN_RANGE_LOOP_ANALYSIS = YES;
				CLANG_WARN_STRICT_PROTOTYPES = YES;
				CLANG_WARN_SUSPICIOUS_MOVE = YES;
				CLANG_WARN_UNGUARDED_AVAILABILITY = YES_AGGRESSIVE;
				CLANG_WARN_UNREACHABLE_CODE = YES;
				CLANG_WARN__DUPLICATE_METHOD_MATCH = YES;
				COPY_PHASE_STRIP = NO;
				DEBUG_INFORMATION_FORMAT = "dwarf-with-dsym";
				ENABLE_NS_ASSERTIONS = NO;
				ENABLE_STRICT_OBJC_MSGSEND = YES;
				ENABLE_USER_SCRIPT_SANDBOXING = YES;
				GCC_C_LANGUAGE_STANDARD = gnu17;
				GCC_NO_COMMON_BLOCKS = YES;
				GCC_WARN_64_TO_32_BIT_CONVERSION = YES;
				GCC_WARN_ABOUT_RETURN_TYPE = YES_ERROR;
				GCC_WARN_UNDECLARED_SELECTOR = YES;
				GCC_WARN_UNINITIALIZED_AUTOS = YES_AGGRESSIVE;
				GCC_WARN_UNUSED_FUNCTION = YES;
				GCC_WARN_UNUSED_VARIABLE = YES;
				IPHONEOS_DEPLOYMENT_TARGET = 17.0;
				LOCALIZATION_PREFERS_STRING_CATALOGS = YES;
				MTL_ENABLE_DEBUG_INFO = NO;
				MTL_FAST_MATH = YES;
				SDKROOT = iphoneos;
				SWIFT_COMPILATION_MODE = wholemodule;
				VALIDATE_PRODUCT = YES;
			};
			name = Release;
		};
		4B8ADA5C2ACDFB4C0049B799 /* Debug */ = {
			isa = XCBuildConfiguration;
			buildSettings = {
				ASSETCATALOG_COMPILER_APPICON_NAME = AppIcon;
				ASSETCATALOG_COMPILER_GLOBAL_ACCENT_COLOR_NAME = AccentColor;
				CODE_SIGN_STYLE = Automatic;
				CURRENT_PROJECT_VERSION = 1;
				DEVELOPMENT_ASSET_PATHS = "\"HabitsUI/Preview Content\"";
				DEVELOPMENT_TEAM = 3RQAYNAD56;
				ENABLE_PREVIEWS = YES;
				GENERATE_INFOPLIST_FILE = YES;
				INFOPLIST_KEY_UIApplicationSceneManifest_Generation = YES;
				INFOPLIST_KEY_UIApplicationSupportsIndirectInputEvents = YES;
				INFOPLIST_KEY_UILaunchScreen_Generation = YES;
				INFOPLIST_KEY_UISupportedInterfaceOrientations_iPad = "UIInterfaceOrientationPortrait UIInterfaceOrientationPortraitUpsideDown UIInterfaceOrientationLandscapeLeft UIInterfaceOrientationLandscapeRight";
				INFOPLIST_KEY_UISupportedInterfaceOrientations_iPhone = "UIInterfaceOrientationPortrait UIInterfaceOrientationLandscapeLeft UIInterfaceOrientationLandscapeRight";
				LD_RUNPATH_SEARCH_PATHS = (
					"$(inherited)",
					"@executable_path/Frameworks",
				);
				MARKETING_VERSION = 1.0;
				PRODUCT_BUNDLE_IDENTIFIER = com.bsc.HabitsUI;
				PRODUCT_NAME = "$(TARGET_NAME)";
				SWIFT_EMIT_LOC_STRINGS = YES;
				SWIFT_VERSION = 5.0;
				TARGETED_DEVICE_FAMILY = "1,2";
			};
			name = Debug;
		};
		4B8ADA5D2ACDFB4C0049B799 /* Release */ = {
			isa = XCBuildConfiguration;
			buildSettings = {
				ASSETCATALOG_COMPILER_APPICON_NAME = AppIcon;
				ASSETCATALOG_COMPILER_GLOBAL_ACCENT_COLOR_NAME = AccentColor;
				CODE_SIGN_STYLE = Automatic;
				CURRENT_PROJECT_VERSION = 1;
				DEVELOPMENT_ASSET_PATHS = "\"HabitsUI/Preview Content\"";
				DEVELOPMENT_TEAM = 3RQAYNAD56;
				ENABLE_PREVIEWS = YES;
				GENERATE_INFOPLIST_FILE = YES;
				INFOPLIST_KEY_UIApplicationSceneManifest_Generation = YES;
				INFOPLIST_KEY_UIApplicationSupportsIndirectInputEvents = YES;
				INFOPLIST_KEY_UILaunchScreen_Generation = YES;
				INFOPLIST_KEY_UISupportedInterfaceOrientations_iPad = "UIInterfaceOrientationPortrait UIInterfaceOrientationPortraitUpsideDown UIInterfaceOrientationLandscapeLeft UIInterfaceOrientationLandscapeRight";
				INFOPLIST_KEY_UISupportedInterfaceOrientations_iPhone = "UIInterfaceOrientationPortrait UIInterfaceOrientationLandscapeLeft UIInterfaceOrientationLandscapeRight";
				LD_RUNPATH_SEARCH_PATHS = (
					"$(inherited)",
					"@executable_path/Frameworks",
				);
				MARKETING_VERSION = 1.0;
				PRODUCT_BUNDLE_IDENTIFIER = com.bsc.HabitsUI;
				PRODUCT_NAME = "$(TARGET_NAME)";
				SWIFT_EMIT_LOC_STRINGS = YES;
				SWIFT_VERSION = 5.0;
				TARGETED_DEVICE_FAMILY = "1,2";
			};
			name = Release;
		};
/* End XCBuildConfiguration section */

/* Begin XCConfigurationList section */
		4B8ADA482ACDFB4A0049B799 /* Build configuration list for PBXProject "HabitsUI" */ = {
			isa = XCConfigurationList;
			buildConfigurations = (
				4B8ADA592ACDFB4C0049B799 /* Debug */,
				4B8ADA5A2ACDFB4C0049B799 /* Release */,
			);
			defaultConfigurationIsVisible = 0;
			defaultConfigurationName = Release;
		};
		4B8ADA5B2ACDFB4C0049B799 /* Build configuration list for PBXNativeTarget "HabitsUI" */ = {
			isa = XCConfigurationList;
			buildConfigurations = (
				4B8ADA5C2ACDFB4C0049B799 /* Debug */,
				4B8ADA5D2ACDFB4C0049B799 /* Release */,
			);
			defaultConfigurationIsVisible = 0;
			defaultConfigurationName = Release;
		};
/* End XCConfigurationList section */
	};
	rootObject = 4B8ADA452ACDFB4A0049B799 /* Project object */;
}
